
Microsoft Visual Studio Solution File, Format Version 12.00
# Visual Studio Version 16
VisualStudioVersion = 16.0.30225.117
MinimumVisualStudioVersion = 10.0.40219.1
Project("{2150E333-8FDC-42A3-9474-1A3956D46DE8}") = "Src", "Src", "{DF3EC818-F7EF-41EA-8A51-5FFF836C3E27}"
EndProject
Project("{2150E333-8FDC-42A3-9474-1A3956D46DE8}") = "Test", "Test", "{00D225D4-03EF-4961-A928-8854F4CE5919}"
EndProject
Project("{9A19103F-16F7-4668-BE54-9A1E7A4F7556}") = "Durstexpress.Services.AuditTrail.Application", "src\Durstexpress.Services.AuditTrail.Application\Durstexpress.Services.AuditTrail.Application.csproj", "{6C1BEA0E-D649-4877-A2C6-7DE927E13E97}"
EndProject
Project("{9A19103F-16F7-4668-BE54-9A1E7A4F7556}") = "Durstexpress.Services.AuditTrail.Application.Test", "test\Durstexpress.Services.AuditTrail.Application.Test\Durstexpress.Services.AuditTrail.Application.Test.csproj", "{C78BD098-1758-4B62-A3EC-D9A84DAC60A0}"
EndProject
Project("{FAE04EC0-301F-11D3-BF4B-00C04F79EFBC}") = "Durstexpress.Service.Audit.Domain", "src\Durstexpress.Service.Audit.Domain\Durstexpress.Service.Audit.Domain.csproj", "{C7D25E93-2C23-4FB4-A406-E27440ED3366}"
EndProject
Global
	GlobalSection(SolutionConfigurationPlatforms) = preSolution
		Debug|Any CPU = Debug|Any CPU
		Release|Any CPU = Release|Any CPU
	EndGlobalSection
	GlobalSection(ProjectConfigurationPlatforms) = postSolution
		{6C1BEA0E-D649-4877-A2C6-7DE927E13E97}.Debug|Any CPU.ActiveCfg = Debug|Any CPU
		{6C1BEA0E-D649-4877-A2C6-7DE927E13E97}.Debug|Any CPU.Build.0 = Debug|Any CPU
		{6C1BEA0E-D649-4877-A2C6-7DE927E13E97}.Release|Any CPU.ActiveCfg = Release|Any CPU
		{6C1BEA0E-D649-4877-A2C6-7DE927E13E97}.Release|Any CPU.Build.0 = Release|Any CPU
		{C78BD098-1758-4B62-A3EC-D9A84DAC60A0}.Debug|Any CPU.ActiveCfg = Debug|Any CPU
		{C78BD098-1758-4B62-A3EC-D9A84DAC60A0}.Debug|Any CPU.Build.0 = Debug|Any CPU
		{C78BD098-1758-4B62-A3EC-D9A84DAC60A0}.Release|Any CPU.ActiveCfg = Release|Any CPU
		{C78BD098-1758-4B62-A3EC-D9A84DAC60A0}.Release|Any CPU.Build.0 = Release|Any CPU
		{C7D25E93-2C23-4FB4-A406-E27440ED3366}.Debug|Any CPU.ActiveCfg = Debug|Any CPU
		{C7D25E93-2C23-4FB4-A406-E27440ED3366}.Debug|Any CPU.Build.0 = Debug|Any CPU
		{C7D25E93-2C23-4FB4-A406-E27440ED3366}.Release|Any CPU.ActiveCfg = Release|Any CPU
		{C7D25E93-2C23-4FB4-A406-E27440ED3366}.Release|Any CPU.Build.0 = Release|Any CPU
	EndGlobalSection
	GlobalSection(SolutionProperties) = preSolution
		HideSolutionNode = FALSE
	EndGlobalSection
	GlobalSection(NestedProjects) = preSolution
		{6C1BEA0E-D649-4877-A2C6-7DE927E13E97} = {DF3EC818-F7EF-41EA-8A51-5FFF836C3E27}
		{C78BD098-1758-4B62-A3EC-D9A84DAC60A0} = {00D225D4-03EF-4961-A928-8854F4CE5919}
		{C7D25E93-2C23-4FB4-A406-E27440ED3366} = {DF3EC818-F7EF-41EA-8A51-5FFF836C3E27}
	EndGlobalSection
	GlobalSection(ExtensibilityGlobals) = postSolution
		SolutionGuid = {2E7AB488-2714-4856-A2C4-55A821DDE08B}
	EndGlobalSection
EndGlobal
